apiVersion: security.kubearmor.com/v1
kind: KubeArmorPolicy
metadata:
  name: ksp-ubuntu-1-file-pattern-block
  namespace: github
spec:
  severity: 5
  message: "block files following a pattern"
  selector:
    matchLabels:
      container: ubuntu-1
  file:
    matchPatterns:
    - pattern: /etc/*hado?
  action:
    Block
