cel.dev/expr v0.15.0 h1:O1jzfJCQBfL5BFoYktaxwIhuttaQPsVWerH9/EEKx0w=
cel.dev/expr v0.15.0/go.mod h1:TRSuuV7DlVCE/uwv5QbAiW/v8l5O8C4eEPHeu7gf7Sg=
github.com/AdaLogics/go-fuzz-headers v0.0.0-20230811130428-ced1acdcaa24 h1:bvDV9vkmnHYOMsOr4WLk+Vo07yKIzd94sVoIqshQ4bU=
github.com/AdaLogics/go-fuzz-headers v0.0.0-20230811130428-ced1acdcaa24/go.mod h1:8o94RPi1/7XTJvwPpRSzSUedZrtlirdB3r9Z20bi2f8=
github.com/Azure/go-ansiterm v0.0.0-20230124172434-306776ec8161 h1:L/gRVlceqvL25UVaW/CKtUDjefjrs0SPonmDGUVOYP0=
github.com/Azure/go-ansiterm v0.0.0-20230124172434-306776ec8161/go.mod h1:xomTg63KZ2rFqZQzSB4Vz2SUXa1BpHTVz9L5PTmPC4E=
github.com/armon/go-socks5 v0.0.0-20160902184237-e75332964ef5 h1:0CwZNZbxp69SHPdPJAN/hZIm0C4OItdklCFmMRWYpio=
github.com/armon/go-socks5 v0.0.0-20160902184237-e75332964ef5/go.mod h1:wHh0iHkYZB8zMSxRWpUBQtwG5a7fFgvEO+odwuTv2gs=
github.com/asaskevich/govalidator v0.0.0-20230301143203-a9d515a09cc2 h1:DklsrG3dyBCFEj5IhUbnKptjxatkF07cF2ak3yi77so=
github.com/asaskevich/govalidator v0.0.0-20230301143203-a9d515a09cc2/go.mod h1:WaHUgvxTVq04UNunO+XhnAqY/wQc+bxr74GqbsZ/Jqw=
github.com/beorn7/perks v1.0.1 h1:VlbKKnNfV8bJzeqoa4cOKqO6bYr3WgKZxO8Z16+hsOM=
github.com/beorn7/perks v1.0.1/go.mod h1:G2ZrVWU2WbWT9wwq4/hrbKbnv/1ERSJQ0ibhJ6rlkpw=
github.com/blang/semver/v4 v4.0.0 h1:1PFHFE6yCCTv8C1TeyNNarDzntLi7wMI5i/pzqYIsAM=
github.com/blang/semver/v4 v4.0.0/go.mod h1:IbckMUScFkM3pff0VJDNKRiT6TG/YpiHIM2yvyW5YoQ=
github.com/census-instrumentation/opencensus-proto v0.4.1 h1:iKLQ0xPNFxR/2hzXZMrBo8f1j86j5WHzznCCQxV/b8g=
github.com/census-instrumentation/opencensus-proto v0.4.1/go.mod h1:4T9NM4+4Vw91VeyqjLS6ao50K5bOcLKN6Q42XnYaRYw=
github.com/cespare/xxhash/v2 v2.3.0 h1:UL815xU9SqsFlibzuggzjXhog7bL6oX9BbNZnL2UFvs=
github.com/cespare/xxhash/v2 v2.3.0/go.mod h1:VGX0DQ3Q6kWi7AoAeZDth3/j3BFtOZR5XLFGgcrjCOs=
github.com/cilium/checkmate v1.0.3 h1:CQC5eOmlAZeEjPrVZY3ZwEBH64lHlx9mXYdUehEwI5w=
github.com/cilium/checkmate v1.0.3/go.mod h1:KiBTasf39/F2hf2yAmHw21YFl3hcEyP4Yk6filxc12A=
github.com/cilium/cilium v1.14.12 h1:lQ4XilTUJK5R6BrZnSm4pYxj6jsBQFWlBuRHA5FHJ1I=
github.com/cilium/cilium v1.14.12/go.mod h1:Pjy+qd1hrrXulp78Hs76ahKCttij64LvjxFui9XquVA=
github.com/cilium/ebpf v0.13.2 h1:uhLimLX+jF9BTPPvoCUYh/mBeoONkjgaJ9w9fn0mRj4=
github.com/cilium/ebpf v0.13.2/go.mod h1:DHp1WyrLeiBh19Cf/tfiSMhqheEiK8fXFZ4No0P1Hso=
github.com/cilium/proxy v0.0.0-20231218064853-ea8cba5b690b h1:BmpBAY7GUsb86lNpPjVJAB/S00ER9kSCtyleqCO3M3U=
github.com/cilium/proxy v0.0.0-20231218064853-ea8cba5b690b/go.mod h1:MLQ1k2H+eY5ZbpDR133i+SCpWmGN+VEARRCUWHem1s0=
github.com/cncf/xds/go v0.0.0-20240423153145-555b57ec207b h1:ga8SEFjZ60pxLcmhnThWgvH2wg8376yUJmPhEH4H3kw=
github.com/cncf/xds/go v0.0.0-20240423153145-555b57ec207b/go.mod h1:W+zGtBO5Y1IgJhy4+A9GOqVhqLpfZi+vwmdNXUehLA8=
github.com/coreos/go-systemd/v22 v22.5.0/go.mod h1:Y58oyj3AT4RCenI/lSvhwexgC+NSVTIJ3seZv2GcEnc=
github.com/cpuguy83/go-md2man/v2 v2.0.3/go.mod h1:tgQtvFlXSQOSOSIRvRPT7W67SCa46tRHOmNcaadrF8o=
github.com/creack/pty v1.1.9/go.mod h1:oKZEueFk5CKHvIhNR5MUki03XCEU+Q6VDXinZuGJ33E=
github.com/creack/pty v1.1.18 h1:n56/Zwd5o6whRC5PMGretI4IdRLlmBXYNjScPaBgsbY=
github.com/creack/pty v1.1.18/go.mod h1:MOBLtS5ELjhRRrroQr9kyvTxUAFNvYEK993ew/Vr4O4=
github.com/davecgh/go-spew v1.1.0/go.mod h1:J7Y8YcW2NihsgmVo/mv3lAwl/skON4iLHjSsI+c5H38=
github.com/davecgh/go-spew v1.1.1/go.mod h1:J7Y8YcW2NihsgmVo/mv3lAwl/skON4iLHjSsI+c5H38=
github.com/davecgh/go-spew v1.1.2-0.20180830191138-d8f796af33cc h1:U9qPSI2PIWSS1VwoXQT9A3Wy9MM3WgvqSxFWenqJduM=
github.com/davecgh/go-spew v1.1.2-0.20180830191138-d8f796af33cc/go.mod h1:J7Y8YcW2NihsgmVo/mv3lAwl/skON4iLHjSsI+c5H38=
github.com/emicklei/go-restful/v3 v3.12.0 h1:y2DdzBAURM29NFF94q6RaY4vjIH1rtwDapwQtU84iWk=
github.com/emicklei/go-restful/v3 v3.12.0/go.mod h1:6n3XBCmQQb25CM2LCACGz8ukIrRry+4bhvbpWn3mrbc=
github.com/envoyproxy/protoc-gen-validate v1.0.4 h1:gVPz/FMfvh57HdSJQyvBtF00j8JU4zdyUgIUNhlgg0A=
github.com/envoyproxy/protoc-gen-validate v1.0.4/go.mod h1:qys6tmnRsYrQqIhm2bvKZH4Blx/1gTIZ2UKVY1M+Yew=
github.com/evanphx/json-patch v5.7.0+incompatible h1:vgGkfT/9f8zE6tvSCe74nfpAVDQ2tG6yudJd8LBksgI=
github.com/evanphx/json-patch v5.7.0+incompatible/go.mod h1:50XU6AFN0ol/bzJsmQLiYLvXMP4fmwYFNcr97nuDLSk=
github.com/frankban/quicktest v1.14.6 h1:7Xjx+VpznH+oBnejlPUj8oUpdxnVs4f8XU8WnHkI4W8=
github.com/frankban/quicktest v1.14.6/go.mod h1:4ptaffx2x8+WTWXmUCuVU6aPUX1/Mz7zb5vbUoiM6w0=
github.com/fsnotify/fsnotify v1.7.0 h1:8JEhPFa5W2WU7YfeZzPNqzMP6Lwt7L2715Ggo0nosvA=
github.com/fsnotify/fsnotify v1.7.0/go.mod h1:40Bi/Hjc2AVfZrqy+aj+yEI+/bRxZnMJyTJwOpGvigM=
github.com/go-errors/errors v1.5.1 h1:ZwEMSLRCapFLflTpT7NKaAc7ukJ8ZPEjzlxt8rPN8bk=
github.com/go-errors/errors v1.5.1/go.mod h1:sIVyrIiJhuEF+Pj9Ebtd6P/rEYROXFi3BopGUQ5a5Og=
github.com/go-logr/logr v1.2.2/go.mod h1:jdQByPbusPIv2/zmleS9BjJVeZ6kBagPoEUsqbVz/1A=
github.com/go-logr/logr v1.4.1 h1:pKouT5E8xu9zeFC39JXRDukb6JFQPXM5p5I91188VAQ=
github.com/go-logr/logr v1.4.1/go.mod h1:9T104GzyrTigFIr8wt5mBrctHMim0Nb2HLGrmQ40KvY=
github.com/go-logr/logr v1.4.2 h1:6pFjapn8bFcIbiKo3XT4j/BhANplGihG6tvd+8rYgrY=
github.com/go-logr/logr v1.4.2/go.mod h1:9T104GzyrTigFIr8wt5mBrctHMim0Nb2HLGrmQ40KvY=
github.com/go-logr/stdr v1.2.2 h1:hSWxHoqTgW2S2qGc0LTAI563KZ5YKYRhT3MFKZMbjag=
github.com/go-logr/stdr v1.2.2/go.mod h1:mMo/vtBO5dYbehREoey6XUKy/eSumjCCveDpRre4VKE=
github.com/go-ole/go-ole v1.2.6/go.mod h1:pprOEPIfldk/42T2oK7lQ4v4JSDwmV0As9GaiUsvbm0=
github.com/go-ole/go-ole v1.3.0 h1:Dt6ye7+vXGIKZ7Xtk4s6/xVdGDQynvom7xCFEdWr6uE=
github.com/go-ole/go-ole v1.3.0/go.mod h1:5LS6F96DhAwUc7C+1HLexzMXY1xGRSryjyPPKW6zv78=
github.com/go-openapi/analysis v0.23.0 h1:aGday7OWupfMs+LbmLZG4k0MYXIANxcuBTYUC03zFCU=
github.com/go-openapi/analysis v0.23.0/go.mod h1:9mz9ZWaSlV8TvjQHLl2mUW2PbZtemkE8yA5v22ohupo=
github.com/go-openapi/errors v0.22.0 h1:c4xY/OLxUBSTiepAg3j/MHuAv5mJhnf53LLMWFB+u/w=
github.com/go-openapi/errors v0.22.0/go.mod h1:J3DmZScxCDufmIMsdOuDHxJbdOGC0xtUynjIx092vXE=
github.com/go-openapi/jsonpointer v0.21.0 h1:YgdVicSA9vH5RiHs9TZW5oyafXZFc6+2Vc1rr/O9oNQ=
github.com/go-openapi/jsonpointer v0.21.0/go.mod h1:IUyH9l/+uyhIYQ/PXVA41Rexl+kOkAPDdXEYns6fzUY=
github.com/go-openapi/jsonreference v0.21.0 h1:Rs+Y7hSXT83Jacb7kFyjn4ijOuVGSvOdF2+tg1TRrwQ=
github.com/go-openapi/jsonreference v0.21.0/go.mod h1:LmZmgsrTkVg9LG4EaHeY8cBDslNPMo06cago5JNLkm4=
github.com/go-openapi/loads v0.22.0 h1:ECPGd4jX1U6NApCGG1We+uEozOAvXvJSF4nnwHZ8Aco=
github.com/go-openapi/loads v0.22.0/go.mod h1:yLsaTCS92mnSAZX5WWoxszLj0u+Ojl+Zs5Stn1oF+rs=
github.com/go-openapi/runtime v0.28.0 h1:gpPPmWSNGo214l6n8hzdXYhPuJcGtziTOgUpvsFWGIQ=
github.com/go-openapi/runtime v0.28.0/go.mod h1:QN7OzcS+XuYmkQLw05akXk0jRH/eZ3kb18+1KwW9gyc=
github.com/go-openapi/spec v0.21.0 h1:LTVzPc3p/RzRnkQqLRndbAzjY0d0BCL72A6j3CdL9ZY=
github.com/go-openapi/spec v0.21.0/go.mod h1:78u6VdPw81XU44qEWGhtr982gJ5BWg2c0I5XwVMotYk=
github.com/go-openapi/strfmt v0.23.0 h1:nlUS6BCqcnAk0pyhi9Y+kdDVZdZMHfEKQiS4HaMgO/c=
github.com/go-openapi/strfmt v0.23.0/go.mod h1:NrtIpfKtWIygRkKVsxh7XQMDQW5HKQl6S5ik2elW+K4=
github.com/go-openapi/swag v0.23.0 h1:vsEVJDUo2hPJ2tu0/Xc+4noaxyEffXNIs3cOULZ+GrE=
github.com/go-openapi/swag v0.23.0/go.mod h1:esZ8ITTYEsH1V2trKHjAN8Ai7xHb8RV+YSZ577vPjgQ=
github.com/go-openapi/validate v0.24.0 h1:LdfDKwNbpB6Vn40xhTdNZAnfLECL81w+VX3BumrGD58=
github.com/go-openapi/validate v0.24.0/go.mod h1:iyeX1sEufmv3nPbBdX3ieNviWnOZaJ1+zquzJEf2BAQ=
github.com/go-quicktest/qt v1.101.0 h1:O1K29Txy5P2OK0dGo59b7b0LR6wKfIhttaAhHUyn7eI=
github.com/go-quicktest/qt v1.101.0/go.mod h1:14Bz/f7NwaXPtdYEgzsx46kqSxVwTbzVZsDC26tQJow=
github.com/go-task/slim-sprig v0.0.0-20230315185526-52ccab3ef572 h1:tfuBGBXKqDEevZMzYi5KSi8KkcZtzBcTgAUUtapy0OI=
github.com/go-task/slim-sprig v0.0.0-20230315185526-52ccab3ef572/go.mod h1:9Pwr4B2jHnOSGXyyzV8ROjYa2ojvAY6HCGYYfMoC3Ls=
github.com/go-task/slim-sprig/v3 v3.0.0 h1:sUs3vkvUymDpBKi3qH1YSqBQk9+9D/8M2mN1vB6EwHI=
github.com/go-task/slim-sprig/v3 v3.0.0/go.mod h1:W848ghGpv3Qj3dhTPRyJypKRiqCdHZiAzKg9hl15HA8=
github.com/godbus/dbus/v5 v5.0.4/go.mod h1:xhWf0FNVPg57R7Z0UbKHbJfkEywrmjJnf7w5xrFpKfA=
github.com/gogo/protobuf v1.3.2 h1:Ov1cvc58UF3b5XjBnZv7+opcTcQFZebYjWzi34vdm4Q=
github.com/gogo/protobuf v1.3.2/go.mod h1:P1XiOD3dCwIKUDQYPy72D8LYyHL2YPYrpS2s69NZV8Q=
github.com/golang/groupcache v0.0.0-20210331224755-41bb18bfe9da h1:oI5xCqsCo564l8iNU+DwB5epxmsaqB+rhGL0m5jtYqE=
github.com/golang/groupcache v0.0.0-20210331224755-41bb18bfe9da/go.mod h1:cIg4eruTrX1D+g88fzRXU5OdNfaM+9IcxsU14FzY7Hc=
github.com/golang/protobuf v1.5.4 h1:i7eJL8qZTpSEXOPTxNKhASYpMn+8e5Q6AdndVa1dWek=
github.com/golang/protobuf v1.5.4/go.mod h1:lnTiLA8Wa4RWRcIUkrtSVa5nRhsEGBg48fD6rSs7xps=
github.com/google/btree v1.1.2 h1:xf4v41cLI2Z6FxbKm+8Bu+m8ifhj15JuZ9sa0jZCMUU=
github.com/google/btree v1.1.2/go.mod h1:qOPhT0dTNdNzV6Z/lhRX0YXUafgPLFUh+gZMl761Gm4=
github.com/google/gnostic-models v0.6.9-0.20230804172637-c7be7c783f49 h1:0VpGH+cDhbDtdcweoyCVsF3fhN8kejK6rFe/2FFX2nU=
github.com/google/gnostic-models v0.6.9-0.20230804172637-c7be7c783f49/go.mod h1:BkkQ4L1KS1xMt2aWSPStnn55ChGC0DPOn2FQYj+f25M=
github.com/google/go-cmp v0.5.6/go.mod h1:v8dTdLbMG2kIc/vJvl+f65V22dbkXbowE6jgT/gNBxE=
github.com/google/go-cmp v0.5.9/go.mod h1:17dUlkBOakJ0+DkrSSNjCkIjxS6bF9zb3elmeNGIjoY=
github.com/google/go-cmp v0.6.0 h1:ofyhxvXcZhMsU5ulbFiLKl/XBFqE1GSq7atu8tAmTRI=
github.com/google/go-cmp v0.6.0/go.mod h1:17dUlkBOakJ0+DkrSSNjCkIjxS6bF9zb3elmeNGIjoY=
github.com/google/gofuzz v1.0.0/go.mod h1:dBl0BpW6vV/+mYPU4Po3pmUjxk6FQPldtuIdl/M65Eg=
github.com/google/gofuzz v1.2.0 h1:xRy4A+RhZaiKjJ1bPfwQ8sedCA+YS2YcCHW6ec7JMi0=
github.com/google/gofuzz v1.2.0/go.mod h1:dBl0BpW6vV/+mYPU4Po3pmUjxk6FQPldtuIdl/M65Eg=
github.com/google/pprof v0.0.0-20240319011627-a57c5dfe54fd h1:LjW4RcTwfcqOYGmD7UpFrn1gfBZ9mgu7QN5mSeFkCog=
github.com/google/pprof v0.0.0-20240319011627-a57c5dfe54fd/go.mod h1:czg5+yv1E0ZGTi6S6vVK1mke0fV+FaUhNGcd6VRS9Ik=
github.com/google/pprof v0.0.0-20240424215950-a892ee059fd6 h1:k7nVchz72niMH6YLQNvHSdIE7iqsQxK1P41mySCvssg=
github.com/google/pprof v0.0.0-20240424215950-a892ee059fd6/go.mod h1:kf6iHlnVGwgKolg33glAes7Yg/8iWP8ukqeldJSO7jw=
github.com/google/shlex v0.0.0-20191202100458-e7afc7fbc510 h1:El6M4kTTCOh6aBiKaUGG7oYTSPP8MxqL4YI3kZKwcP4=
github.com/google/shlex v0.0.0-20191202100458-e7afc7fbc510/go.mod h1:pupxD2MaaD3pAXIBCelhxNneeOaAeabZDe5s4K6zSpQ=
github.com/google/uuid v1.6.0 h1:NIvaJDMOsjHA8n1jAhLSgzrAzy1Hgr+hNrb57e+94F0=
github.com/google/uuid v1.6.0/go.mod h1:TIyPZe4MgqvfeYDBFedMoGGpEw/LqOeaOT+nhxU+yHo=
github.com/gorilla/websocket v1.4.2/go.mod h1:YR8l580nyteQvAITg2hZ9XVh4b55+EU/adAjf1fMHhE=
github.com/gorilla/websocket v1.5.0 h1:PPwGk2jz7EePpoHN/+ClbZu8SPxiqlu12wZP/3sWmnc=
github.com/gorilla/websocket v1.5.0/go.mod h1:YR8l580nyteQvAITg2hZ9XVh4b55+EU/adAjf1fMHhE=
github.com/gregjones/httpcache v0.0.0-20190611155906-901d90724c79 h1:+ngKgrYPPJrOjhax5N+uePQ0Fh1Z7PheYoUI/0nzkPA=
github.com/gregjones/httpcache v0.0.0-20190611155906-901d90724c79/go.mod h1:FecbI9+v66THATjSRHfNgh1IVFe/9kFxbXtjV0ctIMA=
github.com/hashicorp/golang-lru/v2 v2.0.7 h1:a+bsQ5rvGLjzHuww6tVxozPZFVghXaHOwFs4luLUK2k=
github.com/hashicorp/golang-lru/v2 v2.0.7/go.mod h1:QeFd9opnmA6QUJc5vARoKUSoFhyfM2/ZepoAG6RGpeM=
github.com/hashicorp/hcl v1.0.1-vault-5 h1:kI3hhbbyzr4dldA8UdTb7ZlVVlI2DACdCfz31RPDgJM=
github.com/hashicorp/hcl v1.0.1-vault-5/go.mod h1:XYhtn6ijBSAj6n4YqAaf7RBPS4I06AItNorpy+MoQNM=
github.com/imdario/mergo v0.3.16 h1:wwQJbIsHYGMUyLSPrEq1CT16AhnhNJQ51+4fdHUnCl4=
github.com/imdario/mergo v0.3.16/go.mod h1:WBLT9ZmE3lPoWsEzCh9LPo3TiwVN+ZKEjmz+hD27ysY=
github.com/inconshreveable/mousetrap v1.1.0 h1:wN+x4NVGpMsO7ErUn/mUI3vEoE6Jt13X2s0bqwp9tc8=
github.com/inconshreveable/mousetrap v1.1.0/go.mod h1:vpF70FUmC8bwa3OWnCshd2FqLfsEA9PFc4w1p2J65bw=
github.com/josharian/intern v1.0.0 h1:vlS4z54oSdjm0bgjRigI+G1HpF+tI+9rE5LLzOg8HmY=
github.com/josharian/intern v1.0.0/go.mod h1:5DoeVV0s6jJacbCEi61lwdGj/aVlrQvzHFFd8Hwg//Y=
github.com/json-iterator/go v1.1.12 h1:PV8peI4a0ysnczrg+LtxykD8LfKY9ML6u2jnxaEnrnM=
github.com/json-iterator/go v1.1.12/go.mod h1:e30LSqwooZae/UwlEbR2852Gd8hjQvJoHmT4TnhNGBo=
github.com/kisielk/errcheck v1.5.0/go.mod h1:pFxgyoBC7bSaBwPgfKdkLd5X25qrDl4LWUI2bnpBCr8=
github.com/kisielk/gotool v1.0.0/go.mod h1:XhKaO+MFFWcvkIS/tQcRk01m1F5IRFswLeQ+oQHNcck=
github.com/kr/pretty v0.1.0/go.mod h1:dAy3ld7l9f0ibDNOQOHHMYYIIbhfbHSm3C4ZsoJORNo=
github.com/kr/pretty v0.3.1 h1:flRD4NNwYAUpkphVc1HcthR4KEIFJ65n8Mw5qdRn3LE=
github.com/kr/pretty v0.3.1/go.mod h1:hoEshYVHaxMs3cyo3Yncou5ZscifuDolrwPKZanG3xk=
github.com/kr/pty v1.1.1/go.mod h1:pFQYn66WHrOpPYNljwOMqo10TkYh1fy3cYio2l3bCsQ=
github.com/kr/text v0.1.0/go.mod h1:4Jbv+DJW3UT/LiOwJeYQe1efqtUx/iVham/4vfdArNI=
github.com/kr/text v0.2.0 h1:5Nx0Ya0ZqY2ygV366QzturHI13Jq95ApcVaJBhpS+AY=
github.com/kr/text v0.2.0/go.mod h1:eLer722TekiGuMkidMxC/pM04lWEeraHUUmBw8l2grE=
github.com/kubearmor/KVMService/src/types v0.0.0-20220714130113-b0eba8c9ff34 h1:DYGyMKCPcwbjcS6BAq43USVLlOnUKL72i/OlH32Ecfs=
github.com/kubearmor/KVMService/src/types v0.0.0-20220714130113-b0eba8c9ff34/go.mod h1:jH95bvc6gzdHxVdyUAx/MM9q27P9EPQUl13HkBO5mr4=
github.com/kubearmor/KubeArmor/KubeArmor v0.0.0-20240313131335-9ae900daa38d h1:jHElvXD1MVH8NXacZqhU3c1XHpfAB5NYF6GW59vwpso=
github.com/kubearmor/KubeArmor/KubeArmor v0.0.0-20240313131335-9ae900daa38d/go.mod h1:5eM22M0j5Z+v2o6J4QQ2mMfQlNhrwV3m1QV+S2xleVU=
github.com/kubearmor/kubearmor-client v1.2.2-0.20240411064956-24085b3e2319 h1:QWW2PG2V3Ig9SidWMSM5A+UsnT7inf2qKLOpdM7lw0g=
github.com/kubearmor/kubearmor-client v1.2.2-0.20240411064956-24085b3e2319/go.mod h1:8zVe/pelbL+FDOETND+JD+LPGqLldOSwT0nBZzvOkQw=
github.com/liggitt/tabwriter v0.0.0-20181228230101-89fcab3d43de h1:9TO3cAIGXtEhnIaL+V+BEER86oLrvS+kWobKpbJuye0=
github.com/liggitt/tabwriter v0.0.0-20181228230101-89fcab3d43de/go.mod h1:zAbeS9B/r2mtpb6U+EI2rYA5OAXxsYw6wTamcNW+zcE=
github.com/lufia/plan9stats v0.0.0-20211012122336-39d0f177ccd0/go.mod h1:zJYVVT2jmtg6P3p1VtQj7WsuWi/y4VnjVBn7F8KPB3I=
github.com/lufia/plan9stats v0.0.0-20240226150601-1dcf7310316a h1:3Bm7EwfUQUvhNeKIkUct/gl9eod1TcXuj8stxvi/GoI=
github.com/lufia/plan9stats v0.0.0-20240226150601-1dcf7310316a/go.mod h1:ilwx/Dta8jXAgpFYFvSWEMwxmbWXyiUHkd5FwyKhb5k=
github.com/magiconair/properties v1.8.7 h1:IeQXZAiQcpL9mgcAe1Nu6cX9LLw6ExEHKjN0VQdvPDY=
github.com/magiconair/properties v1.8.7/go.mod h1:Dhd985XPs7jluiymwWYZ0G4Z61jb3vdS329zhj2hYo0=
github.com/mailru/easyjson v0.7.7 h1:UGYAvKxe3sBsEDzO8ZeWOSlIQfWFlxbzLZe7hwFURr0=
github.com/mailru/easyjson v0.7.7/go.mod h1:xzfreul335JAWq5oZzymOObrkdz5UnU4kGfJJLY9Nlc=
github.com/mattn/go-colorable v0.1.12/go.mod h1:u5H1YNBxpqRaxsYJYSkiCWKzEfiAb1Gb520KVy5xxl4=
github.com/mattn/go-colorable v0.1.13 h1:fFA4WZxdEF4tXPZVKMLwD8oUnCTTo08duU7wxecdEvA=
github.com/mattn/go-colorable v0.1.13/go.mod h1:7S9/ev0klgBDR4GtXTXX8a3vIGJpMovkB8vQcUbaXHg=
github.com/mattn/go-isatty v0.0.14/go.mod h1:7GGIvUiUoEMVVmxf/4nioHXj79iQHKdU27kJ6hsGG94=
github.com/mattn/go-isatty v0.0.16/go.mod h1:kYGgaQfpe5nmfYZH+SKPsOc2e4SrIfOl2e/yFXSvRLM=
github.com/mattn/go-isatty v0.0.20 h1:xfD0iDuEKnDkl03q4limB+vH+GxLEtL/jb4xVJSWWEY=
github.com/mattn/go-isatty v0.0.20/go.mod h1:W+V8PltTTMOvKvAeJH7IuucS94S2C6jfK/D7dTCTo3Y=
github.com/mitchellh/mapstructure v1.5.0 h1:jeMsZIYE/09sWLaz43PL7Gy6RuMjD2eJVyuac5Z2hdY=
github.com/mitchellh/mapstructure v1.5.0/go.mod h1:bFUtVrKA4DC2yAKiSyO/QUcy7e+RRV2QTWOzhPopBRo=
github.com/moby/spdystream v0.2.0 h1:cjW1zVyyoiM0T7b6UoySUFqzXMoqRckQtXwGPiBhOM8=
github.com/moby/spdystream v0.2.0/go.mod h1:f7i0iNDQJ059oMTcWxx8MA/zKFIuD/lY+0GqbN2Wy8c=
github.com/moby/term v0.5.0 h1:xt8Q1nalod/v7BqbG21f8mQPqH+xAaC9C3N3wfWbVP0=
github.com/moby/term v0.5.0/go.mod h1:8FzsFHVUBGZdbDsJw/ot+X+d5HLUbvklYLJ9uGfcI3Y=
github.com/modern-go/concurrent v0.0.0-20180228061459-e0a39a4cb421/go.mod h1:6dJC0mAP4ikYIbvyc7fijjWJddQyLn8Ig3JB5CqoB9Q=
github.com/modern-go/concurrent v0.0.0-20180306012644-bacd9c7ef1dd h1:TRLaZ9cD/w8PVh93nsPXa1VrQ6jlwL5oN8l14QlcNfg=
github.com/modern-go/concurrent v0.0.0-20180306012644-bacd9c7ef1dd/go.mod h1:6dJC0mAP4ikYIbvyc7fijjWJddQyLn8Ig3JB5CqoB9Q=
github.com/modern-go/reflect2 v1.0.2 h1:xBagoLtFs94CBntxluKeaWgTMpvLxC4ur3nMaC9Gz0M=
github.com/modern-go/reflect2 v1.0.2/go.mod h1:yWuevngMOJpCy52FWWMvUC8ws7m/LJsjYzDa0/r8luk=
github.com/monochromegane/go-gitignore v0.0.0-20200626010858-205db1a8cc00 h1:n6/2gBQ3RWajuToeY6ZtZTIKv2v7ThUy5KKusIT0yc0=
github.com/monochromegane/go-gitignore v0.0.0-20200626010858-205db1a8cc00/go.mod h1:Pm3mSP3c5uWn86xMLZ5Sa7JB9GsEZySvHYXCTK4E9q4=
github.com/munnerz/goautoneg v0.0.0-20191010083416-a7dc8b61c822 h1:C3w9PqII01/Oq1c1nUAm88MOHcQC9l5mIlSMApZMrHA=
github.com/munnerz/goautoneg v0.0.0-20191010083416-a7dc8b61c822/go.mod h1:+n7T8mK8HuQTcFwEeznm/DIxMOiR9yIdICNftLE1DvQ=
github.com/mxk/go-flowrate v0.0.0-20140419014527-cca7078d478f h1:y5//uYreIhSUg3J1GEMiLbxo1LJaP8RfCpH6pymGZus=
github.com/mxk/go-flowrate v0.0.0-20140419014527-cca7078d478f/go.mod h1:ZdcZmHo+o7JKHSa8/e818NopupXU1YMK5fe1lsApnBw=
github.com/oklog/ulid v1.3.1 h1:EGfNDEx6MqHz8B3uNV6QAib1UR2Lm97sHi3ocA6ESJ4=
github.com/oklog/ulid v1.3.1/go.mod h1:CirwcVhetQ6Lv90oh/F+FBtV6XMibvdAFo93nm5qn4U=
github.com/onsi/ginkgo v1.16.5 h1:8xi0RTUf59SOSfEtZMvwTvXYMzG4gV23XVHOZiXNtnE=
github.com/onsi/ginkgo/v2 v2.14.0 h1:vSmGj2Z5YPb9JwCWT6z6ihcUvDhuXLc3sJiqd3jMKAY=
github.com/onsi/ginkgo/v2 v2.14.0/go.mod h1:JkUdW7JkN0V6rFvsHcJ478egV3XH9NxpD27Hal/PhZw=
github.com/onsi/ginkgo/v2 v2.19.1 h1:QXgq3Z8Crl5EL1WBAC98A5sEBHARrAJNzAmMxzLcRF0=
github.com/onsi/ginkgo/v2 v2.19.1/go.mod h1:O3DtEWQkPa/F7fBMgmZQKKsluAy8pd3rEQdrjkPb9zA=
github.com/onsi/gomega v1.30.0 h1:hvMK7xYz4D3HapigLTeGdId/NcfQx1VHMJc60ew99+8=
github.com/onsi/gomega v1.30.0/go.mod h1:9sxs+SwGrKI0+PWe4Fxa9tFQQBG5xSsSbMXOI8PPpoQ=
github.com/onsi/gomega v1.34.0 h1:eSSPsPNp6ZpsG8X1OVmOTxig+CblTc4AxpPBykhe2Os=
github.com/onsi/gomega v1.34.0/go.mod h1:MIKI8c+f+QLWk+hxbePD4i0LMJSExPaZOVfkoex4cAo=
github.com/opentracing/opentracing-go v1.2.1-0.20220228012449-10b1cf09e00b h1:FfH+VrHHk6Lxt9HdVS0PXzSXFyS2NbZKXv33FYPol0A=
github.com/opentracing/opentracing-go v1.2.1-0.20220228012449-10b1cf09e00b/go.mod h1:AC62GU6hc0BrNm+9RK9VSiwa/EUe1bkIeFORAMcHvJU=
github.com/pelletier/go-toml/v2 v2.1.1 h1:LWAJwfNvjQZCFIDKWYQaM62NcYeYViCmWIwmOStowAI=
github.com/pelletier/go-toml/v2 v2.1.1/go.mod h1:tJU2Z3ZkXwnxa4DPO899bsyIoywizdUvyaeZurnPPDc=
github.com/peterbourgon/diskv v2.0.1+incompatible h1:UBdAOUP5p4RWqPBg048CAvpKN+vxiaj6gdUUzhl4XmI=
github.com/peterbourgon/diskv v2.0.1+incompatible/go.mod h1:uqqh8zWWbv1HBMNONnaR/tNboyR3/BZd58JJSHlUSCU=
github.com/petermattis/goid v0.0.0-20180202154549-b0b1615b78e5/go.mod h1:jvVRKCrJTQWu0XVbaOlby/2lO20uSCHEMzzplHXte1o=
github.com/petermattis/goid v0.0.0-20231207134359-e60b3f734c67 h1:jik8PHtAIsPlCRJjJzl4udgEf7hawInF9texMeO2jrU=
github.com/petermattis/goid v0.0.0-20231207134359-e60b3f734c67/go.mod h1:pxMtw7cyUw6B2bRH0ZBANSPg+AoSud1I1iyJHI69jH4=
github.com/pkg/diff v0.0.0-20210226163009-20ebb0f2a09e/go.mod h1:pJLUxLENpZxwdsKMEsNbx1VGcRFpLqf3715MtcvvzbA=
github.com/pkg/errors v0.9.1 h1:FEBLx1zS214owpjy7qsBeixbURkuhQAwrK5UwLGTwt4=
github.com/pkg/errors v0.9.1/go.mod h1:bwawxfHBFNV+L2hUp1rHADufV3IMtnDRdf1r5NINEl0=
github.com/pmezard/go-difflib v1.0.0/go.mod h1:iKH77koFhYxTK1pcRnkKkqfTogsbg7gZNVY4sRDYZ/4=
github.com/pmezard/go-difflib v1.0.1-0.20181226105442-5d4384ee4fb2 h1:Jamvg5psRIccs7FGNTlIRMkT8wgtp5eCXdBlqhYGL6U=
github.com/pmezard/go-difflib v1.0.1-0.20181226105442-5d4384ee4fb2/go.mod h1:iKH77koFhYxTK1pcRnkKkqfTogsbg7gZNVY4sRDYZ/4=
github.com/power-devops/perfstat v0.0.0-20210106213030-5aafc221ea8c/go.mod h1:OmDBASR4679mdNQnz2pUhc2G8CO2JrUAVFDRBDP/hJE=
github.com/power-devops/perfstat v0.0.0-20221212215047-62379fc7944b h1:0LFwY6Q3gMACTjAbMZBjXAqTOzOwFaj2Ld6cjeQ7Rig=
github.com/power-devops/perfstat v0.0.0-20221212215047-62379fc7944b/go.mod h1:OmDBASR4679mdNQnz2pUhc2G8CO2JrUAVFDRBDP/hJE=
github.com/prometheus/client_golang v1.19.0 h1:ygXvpU1AoN1MhdzckN+PyD9QJOSD4x7kmXYlnfbA6JU=
github.com/prometheus/client_golang v1.19.0/go.mod h1:ZRM9uEAypZakd+q/x7+gmsvXdURP+DABIEIjnmDdp+k=
github.com/prometheus/client_model v0.6.0 h1:k1v3CzpSRUTrKMppY35TLwPvxHqBu0bYgxZzqGIgaos=
github.com/prometheus/client_model v0.6.0/go.mod h1:NTQHnmxFpouOD0DpvP4XujX3CdOAGQPoaGhyTchlyt8=
github.com/prometheus/common v0.50.0 h1:YSZE6aa9+luNa2da6/Tik0q0A5AbR+U003TItK57CPQ=
github.com/prometheus/common v0.50.0/go.mod h1:wHFBCEVWVmHMUpg7pYcOm2QUR/ocQdYSJVQJKnHc3xQ=
github.com/prometheus/procfs v0.13.0 h1:GqzLlQyfsPbaEHaQkO7tbDlriv/4o5Hudv6OXHGKX7o=
github.com/prometheus/procfs v0.13.0/go.mod h1:cd4PFCR54QLnGKPaKGA6l+cfuNXtht43ZKY6tow0Y1g=
github.com/rogpeppe/go-internal v1.9.0/go.mod h1:WtVeX8xhTBvf0smdhujwtBcq4Qrzq/fJaraNFVN+nFs=
github.com/rogpeppe/go-internal v1.12.0 h1:exVL4IDcn6na9z1rAb56Vxr+CgyK3nn3O+epU5NdKM8=
github.com/rogpeppe/go-internal v1.12.0/go.mod h1:E+RYuTGaKKdloAfM02xzb0FW3Paa99yedzYV+kq4uf4=
github.com/rs/xid v1.4.0/go.mod h1:trrq9SKmegXys3aeAKXMUTdJsYXVwGY3RLcfgqegfbg=
github.com/rs/zerolog v1.29.1 h1:cO+d60CHkknCbvzEWxP0S9K6KqyTjrCNUy1LdQLCGPc=
github.com/rs/zerolog v1.29.1/go.mod h1:Le6ESbR7hc+DP6Lt1THiV8CQSdkkNrd3R0XbEgp3ZBU=
github.com/russross/blackfriday/v2 v2.1.0/go.mod h1:+Rmxgy9KzJVeS9/2gXHxylqXiyQDYRxCVz55jmeOWTM=
github.com/sagikazarmark/locafero v0.4.0 h1:HApY1R9zGo4DBgr7dqsTH/JJxLTTsOt7u6keLGt6kNQ=
github.com/sagikazarmark/locafero v0.4.0/go.mod h1:Pe1W6UlPYUk/+wc/6KFhbORCfqzgYEpgQ3O5fPuL3H4=
github.com/sagikazarmark/slog-shim v0.1.0 h1:diDBnUNK9N/354PgrxMywXnAwEr1QZcOr6gto+ugjYE=
github.com/sagikazarmark/slog-shim v0.1.0/go.mod h1:SrcSrq8aKtyuqEI1uvTDTK1arOWRIczQRv+GVI1AkeQ=
github.com/sasha-s/go-deadlock v0.3.1 h1:sqv7fDNShgjcaxkO0JNcOAlr8B9+cV5Ey/OB71efZx0=
github.com/sasha-s/go-deadlock v0.3.1/go.mod h1:F73l+cr82YSh10GxyRI6qZiCgK64VaZjwesgfQ1/iLM=
github.com/sergi/go-diff v1.3.1 h1:xkr+Oxo4BOQKmkn/B9eMK0g5Kg/983T9DqqPHwYqD+8=
github.com/sergi/go-diff v1.3.1/go.mod h1:aMJSSKb2lpPvRNec0+w3fl7LP9IOFzdc9Pa4NFbPK1I=
github.com/shirou/gopsutil/v3 v3.23.12 h1:z90NtUkp3bMtmICZKpC4+WaknU1eXtp5vtbQ11DgpE4=
github.com/shirou/gopsutil/v3 v3.23.12/go.mod h1:1FrWgea594Jp7qmjHUUPlJDTPgcsb9mGnXDxavtikzM=
github.com/shoenig/go-m1cpu v0.1.6/go.mod h1:1JJMcUBvfNwpq05QDQVAnx3gUHr9IYF7GNg9SUEw2VQ=
github.com/shoenig/test v0.6.4/go.mod h1:byHiCGXqrVaflBLAMq/srcZIHynQPQgeyvkvXnjqq0k=
github.com/sirupsen/logrus v1.9.3 h1:dueUQJ1C2q9oE3F7wvmSGAaVtTmUizReu6fjN8uqzbQ=
github.com/sirupsen/logrus v1.9.3/go.mod h1:naHLuLoDiP4jHNo9R0sCBMtWGeIprob74mVsIT4qYEQ=
github.com/sourcegraph/conc v0.3.0 h1:OQTbbt6P72L20UqAkXXuLOj79LfEanQ+YQFNpLA9ySo=
github.com/sourcegraph/conc v0.3.0/go.mod h1:Sdozi7LEKbFPqYX2/J+iBAM6HpqSLTASQIKqDmF7Mt0=
github.com/spf13/afero v1.11.0 h1:WJQKhtpdm3v2IzqG8VMqrr6Rf3UYpEF239Jy9wNepM8=
github.com/spf13/afero v1.11.0/go.mod h1:GH9Y3pIexgf1MTIWtNGyogA5MwRIDXGUr+hbWNoBjkY=
github.com/spf13/cast v1.6.0 h1:GEiTHELF+vaR5dhz3VqZfFSzZjYbgeKDpBxQVS4GYJ0=
github.com/spf13/cast v1.6.0/go.mod h1:ancEpBxwJDODSW/UG4rDrAqiKolqNNh2DX3mk86cAdo=
github.com/spf13/cobra v1.8.0 h1:7aJaZx1B85qltLMc546zn58BxxfZdR/W22ej9CFoEf0=
github.com/spf13/cobra v1.8.0/go.mod h1:WXLWApfZ71AjXPya3WOlMsY9yMs7YeiHhFVlvLyhcho=
github.com/spf13/pflag v1.0.5 h1:iy+VFUOCP1a+8yFto/drg2CJ5u0yRoB7fZw3DKv/JXA=
github.com/spf13/pflag v1.0.5/go.mod h1:McXfInJRrz4CZXVZOBLb0bTZqETkiAhM9Iw0y3An2Bg=
github.com/spf13/viper v1.18.2 h1:LUXCnvUvSM6FXAsj6nnfc8Q2tp1dIgUfY9Kc8GsSOiQ=
github.com/spf13/viper v1.18.2/go.mod h1:EKmWIqdnk5lOcmR72yw6hS+8OPYcwD0jteitLMVB+yk=
github.com/stretchr/objx v0.1.0/go.mod h1:HFkY916IF+rwdDfMAkV7OtwuqBVzrE8GR6GFx+wExME=
github.com/stretchr/objx v0.4.0/go.mod h1:YvHI0jy2hoMjB+UWwv71VJQ9isScKT/TqJzVSSt89Yw=
github.com/stretchr/objx v0.5.0/go.mod h1:Yh+to48EsGEfYuaHDzXPcE3xhTkx73EhmCGUpEOglKo=
github.com/stretchr/objx v0.5.2 h1:xuMeJ0Sdp5ZMRXx/aWO6RZxdr3beISkG5/G/aIRr3pY=
github.com/stretchr/objx v0.5.2/go.mod h1:FRsXN1f5AsAjCGJKqEizvkpNtU+EGNCLh3NxZ/8L+MA=
github.com/stretchr/testify v1.3.0/go.mod h1:M5WIy9Dh21IEIfnGCwXGc5bZfKNJtfHm1UVUgZn+9EI=
github.com/stretchr/testify v1.4.0/go.mod h1:j7eGeouHqKxXV5pUuKE4zz7dFj8WfuZ+81PSLYec5m4=
github.com/stretchr/testify v1.6.1/go.mod h1:6Fq8oRcR53rry900zMqJjRRixrwX3KX962/h/Wwjteg=
github.com/stretchr/testify v1.7.0/go.mod h1:6Fq8oRcR53rry900zMqJjRRixrwX3KX962/h/Wwjteg=
github.com/stretchr/testify v1.7.1/go.mod h1:6Fq8oRcR53rry900zMqJjRRixrwX3KX962/h/Wwjteg=
github.com/stretchr/testify v1.8.0/go.mod h1:yNjHg4UonilssWZ8iaSj1OCr/vHnekPRkoO+kdMU+MU=
github.com/stretchr/testify v1.8.4/go.mod h1:sz/lmYIOXD/1dqDmKjjqLyZ2RngseejIcXlSw2iwfAo=
github.com/stretchr/testify v1.9.0 h1:HtqpIVDClZ4nwg75+f6Lvsy/wHu+3BoSGCbBAcpTsTg=
github.com/stretchr/testify v1.9.0/go.mod h1:r2ic/lqez/lEtzL7wO/rwa5dbSLXVDPFyf8C91i36aY=
github.com/subosito/gotenv v1.6.0 h1:9NlTDc1FTs4qu0DDq7AEtTPNw6SVm7uBMsUCUjABIf8=
github.com/subosito/gotenv v1.6.0/go.mod h1:Dk4QP5c2W3ibzajGcXpNraDfq2IrhjMIvMSWPKKo0FU=
github.com/tklauser/go-sysconf v0.3.12/go.mod h1:Ho14jnntGE1fpdOqQEEaiKRpvIavV0hSfmBq8nJbHYI=
github.com/tklauser/go-sysconf v0.3.13 h1:GBUpcahXSpR2xN01jhkNAbTLRk2Yzgggk8IM08lq3r4=
github.com/tklauser/go-sysconf v0.3.13/go.mod h1:zwleP4Q4OehZHGn4CYZDipCgg9usW5IJePewFCGVEa0=
github.com/tklauser/numcpus v0.6.1/go.mod h1:1XfjsgE2zo8GVw7POkMbHENHzVg3GzmoZ9fESEdAacY=
github.com/tklauser/numcpus v0.7.0 h1:yjuerZP127QG9m5Zh/mSO4wqurYil27tHrqwRoRjpr4=
github.com/tklauser/numcpus v0.7.0/go.mod h1:bb6dMVcj8A42tSE7i32fsIUCbQNllK5iDguyOZRUzAY=
github.com/vishvananda/netlink v1.2.1-beta.2.0.20231127184239-0ced8385386a h1:PdKmLjqKUM8AfjGqDbrF/C56RvuGFDMYB0Z+8TMmGpU=
github.com/vishvananda/netlink v1.2.1-beta.2.0.20231127184239-0ced8385386a/go.mod h1:whJevzBpTrid75eZy99s3DqCmy05NfibNaF2Ol5Ox5A=
github.com/vishvananda/netns v0.0.0-20200728191858-db3c7e526aae/go.mod h1:DD4vA1DwXk04H54A1oHXtwZmA0grkVMdPxx/VGLCah0=
github.com/vishvananda/netns v0.0.4 h1:Oeaw1EM2JMxD51g9uhtC0D7erkIjgmj8+JZc26m1YX8=
github.com/vishvananda/netns v0.0.4/go.mod h1:SpkAiCQRtJ6TvvxPnOSyH3BMl6unz3xZlaprSwhNNJM=
github.com/xlab/treeprint v1.2.0 h1:HzHnuAF1plUN2zGlAFHbSQP2qJ0ZAD3XF5XD7OesXRQ=
github.com/xlab/treeprint v1.2.0/go.mod h1:gj5Gd3gPdKtR1ikdDK6fnFLdmIS0X30kTTuNd/WEJu0=
github.com/yuin/goldmark v1.1.27/go.mod h1:3hX8gzYuyVAZsxl0MRgGTJEmQBFcNTphYh9decYSb74=
github.com/yuin/goldmark v1.2.1/go.mod h1:3hX8gzYuyVAZsxl0MRgGTJEmQBFcNTphYh9decYSb74=
github.com/yusufpapurcu/wmi v1.2.3/go.mod h1:SBZ9tNy3G9/m5Oi98Zks0QjeHVDvuK0qfxQmPyzfmi0=
github.com/yusufpapurcu/wmi v1.2.4 h1:zFUKzehAFReQwLys1b/iSMl+JQGSCSjtVqQn9bBrPo0=
github.com/yusufpapurcu/wmi v1.2.4/go.mod h1:SBZ9tNy3G9/m5Oi98Zks0QjeHVDvuK0qfxQmPyzfmi0=
go.mongodb.org/mongo-driver v1.14.0 h1:P98w8egYRjYe3XDjxhYJagTokP/H6HzlsnojRgZRd80=
go.mongodb.org/mongo-driver v1.14.0/go.mod h1:Vzb0Mk/pa7e6cWw85R4F/endUC3u0U9jGcNU603k65c=
go.opentelemetry.io/otel v1.24.0 h1:0LAOdjNmQeSTzGBzduGe/rU4tZhMwL5rWgtp9Ku5Jfo=
go.opentelemetry.io/otel v1.24.0/go.mod h1:W7b9Ozg4nkF5tWI5zsXkaKKDjdVjpD4oAt9Qi/MArHo=
go.opentelemetry.io/otel/metric v1.24.0 h1:6EhoGWWK28x1fbpA4tYTOWBkPefTDQnb8WSGXlc88kI=
go.opentelemetry.io/otel/metric v1.24.0/go.mod h1:VYhLe1rFfxuTXLgj4CBiyz+9WYBA8pNGJgDcSFRKBco=
go.opentelemetry.io/otel/sdk v1.24.0 h1:YMPPDNymmQN3ZgczicBY3B6sf9n62Dlj9pWD3ucgoDw=
go.opentelemetry.io/otel/sdk v1.24.0/go.mod h1:KVrIYw6tEubO9E96HQpcmpTKDVn9gdv35HoYiQWGDFg=
go.opentelemetry.io/otel/trace v1.24.0 h1:CsKnnL4dUAr/0llH9FKuc698G04IrpWV0MQA/Y1YELI=
go.opentelemetry.io/otel/trace v1.24.0/go.mod h1:HPc3Xr/cOApsBI154IU0OI0HJexz+aw5uPdbs3UCjNU=
go.starlark.net v0.0.0-20240314022150-ee8ed142361c h1:roAjH18hZcwI4hHStHbkXjF5b7UUyZ/0SG3hXNN1SjA=
go.starlark.net v0.0.0-20240314022150-ee8ed142361c/go.mod h1:YKMCv9b1WrfWmeqdV5MAuEHWsu5iC+fe6kYl2sQjdI8=
go.uber.org/dig v1.17.1 h1:Tga8Lz8PcYNsWsyHMZ1Vm0OQOUaJNDyvPImgbAu9YSc=
go.uber.org/dig v1.17.1/go.mod h1:Us0rSJiThwCv2GteUN0Q7OKvU7n5J4dxZ9JKUXozFdE=
go.uber.org/goleak v1.3.0 h1:2K3zAYmnTNqV73imy9J1T3WC+gmCePx2hEGkimedGto=
go.uber.org/goleak v1.3.0/go.mod h1:CoHD4mav9JJNrW/WLlf7HGZPjdw8EucARQHekz1X6bE=
go.uber.org/multierr v1.11.0 h1:blXXJkSxSSfBVBlC76pxqeO+LN3aDfLQo+309xJstO0=
go.uber.org/multierr v1.11.0/go.mod h1:20+QtiLqy0Nd6FdQB9TLXag12DsQkrbs3htMFfDN80Y=
go.uber.org/zap v1.27.0 h1:aJMhYGrd5QSmlpLMr2MftRKl7t8J8PTZPA732ud/XR8=
go.uber.org/zap v1.27.0/go.mod h1:GB2qFLM7cTU87MWRP2mPIjqfIDnGu+VIO4V/SdhGo2E=
golang.org/x/crypto v0.0.0-20190308221718-c2843e01d9a2/go.mod h1:djNgcEr1/C05ACkg1iLfiJU5Ep61QUkGW8qpdssI0+w=
golang.org/x/crypto v0.0.0-20191011191535-87dc89f01550/go.mod h1:yigFU9vqHzYiE8UmvKecakEJjdnWj3jj499lnFckfCI=
golang.org/x/crypto v0.0.0-20200622213623-75b288015ac9/go.mod h1:LzIPMQfyMNhhGPhUkYOs5KpL4U8rLKemX1yGLhDgUto=
golang.org/x/exp v0.0.0-20240222234643-814bf88cf225 h1:LfspQV/FYTatPTr/3HzIcmiUFH7PGP+OQ6mgDYo3yuQ=
golang.org/x/exp v0.0.0-20240222234643-814bf88cf225/go.mod h1:CxmFvTBINI24O/j8iY7H1xHzx2i4OsyguNBmN/uPtqc=
golang.org/x/mod v0.2.0/go.mod h1:s0Qsj1ACt9ePp/hMypM3fl4fZqREWJwdYDEqhRiZZUA=
golang.org/x/mod v0.3.0/go.mod h1:s0Qsj1ACt9ePp/hMypM3fl4fZqREWJwdYDEqhRiZZUA=
golang.org/x/mod v0.17.0 h1:zY54UmvipHiNd+pm+m0x9KhZ9hl1/7QNMyxXbc6ICqA=
golang.org/x/mod v0.17.0/go.mod h1:hTbmBsO62+eylJbnUtE2MGJUyE7QWk4xUqPFrRgJ+7c=
golang.org/x/net v0.0.0-20190404232315-eb5bcb51f2a3/go.mod h1:t9HGtf8HONx5eT2rtn7q6eTqICYqUVnKs3thJo3Qplg=
golang.org/x/net v0.0.0-20190620200207-3b0461eec859/go.mod h1:z5CRVTTTmAJ677TzLLGU+0bjPO0LkuOLi4/5GtJWs/s=
golang.org/x/net v0.0.0-20200226121028-0de0cce0169b/go.mod h1:z5CRVTTTmAJ677TzLLGU+0bjPO0LkuOLi4/5GtJWs/s=
golang.org/x/net v0.0.0-20201021035429-f5854403a974/go.mod h1:sp8m0HH+o8qH0wwXwYZr8TS3Oi6o0r6Gce1SSxlDquU=
golang.org/x/net v0.27.0 h1:5K3Njcw06/l2y9vpGCSdcxWOYHOUk3dVNGDXN+FvAys=
golang.org/x/net v0.27.0/go.mod h1:dDi0PyhWNoiUOrAS8uXv/vnScO4wnHQO4mj9fn/RytE=
golang.org/x/oauth2 v0.20.0 h1:4mQdhULixXKP1rwYBW0vAijoXnkTG0BLCDRzfe1idMo=
golang.org/x/oauth2 v0.20.0/go.mod h1:XYTD2NtWslqkgxebSiOHnXEap4TF09sJSc7H1sXbhtI=
golang.org/x/sync v0.0.0-20190423024810-112230192c58/go.mod h1:RxMgew5VJxzue5/jJTE5uejpjVlOe/izrB70Jof72aM=
golang.org/x/sync v0.0.0-20190911185100-cd5d95a43a6e/go.mod h1:RxMgew5VJxzue5/jJTE5uejpjVlOe/izrB70Jof72aM=
golang.org/x/sync v0.0.0-20201020160332-67f06af15bc9/go.mod h1:RxMgew5VJxzue5/jJTE5uejpjVlOe/izrB70Jof72aM=
golang.org/x/sync v0.7.0 h1:YsImfSBoP9QPYL0xyKJPq0gcaJdG3rInoqxTWbfQu9M=
golang.org/x/sync v0.7.0/go.mod h1:Czt+wKu1gCyEFDUtn0jG5QVvpJ6rzVqr5aXyt9drQfk=
golang.org/x/sys v0.0.0-20190215142949-d0b11bdaac8a/go.mod h1:STP8DvDyc/dI5b8T5hshtkjS+E42TnysNCUPdjciGhY=
golang.org/x/sys v0.0.0-20190412213103-97732733099d/go.mod h1:h1NjWce9XRLGQEsW7wpKNCjG9DtNlClVuFLEZdDNbEs=
golang.org/x/sys v0.0.0-20190916202348-b4ddaad3f8a3/go.mod h1:h1NjWce9XRLGQEsW7wpKNCjG9DtNlClVuFLEZdDNbEs=
golang.org/x/sys v0.0.0-20200217220822-9197077df867/go.mod h1:h1NjWce9XRLGQEsW7wpKNCjG9DtNlClVuFLEZdDNbEs=
golang.org/x/sys v0.0.0-20200930185726-fdedc70b468f/go.mod h1:h1NjWce9XRLGQEsW7wpKNCjG9DtNlClVuFLEZdDNbEs=
golang.org/x/sys v0.0.0-20201204225414-ed752295db88/go.mod h1:h1NjWce9XRLGQEsW7wpKNCjG9DtNlClVuFLEZdDNbEs=
golang.org/x/sys v0.0.0-20210616094352-59db8d763f22/go.mod h1:oPkhp1MJrh7nUepCBck5+mAzfO9JrbApNNgaTdGDITg=
golang.org/x/sys v0.0.0-20210630005230-0f9fa26af87c/go.mod h1:oPkhp1MJrh7nUepCBck5+mAzfO9JrbApNNgaTdGDITg=
golang.org/x/sys v0.0.0-20210927094055-39ccf1dd6fa6/go.mod h1:oPkhp1MJrh7nUepCBck5+mAzfO9JrbApNNgaTdGDITg=
golang.org/x/sys v0.0.0-20220715151400-c0bba94af5f8/go.mod h1:oPkhp1MJrh7nUepCBck5+mAzfO9JrbApNNgaTdGDITg=
golang.org/x/sys v0.0.0-20220811171246-fbc7d0a398ab/go.mod h1:oPkhp1MJrh7nUepCBck5+mAzfO9JrbApNNgaTdGDITg=
golang.org/x/sys v0.1.0/go.mod h1:oPkhp1MJrh7nUepCBck5+mAzfO9JrbApNNgaTdGDITg=
golang.org/x/sys v0.6.0/go.mod h1:oPkhp1MJrh7nUepCBck5+mAzfO9JrbApNNgaTdGDITg=
golang.org/x/sys v0.8.0/go.mod h1:oPkhp1MJrh7nUepCBck5+mAzfO9JrbApNNgaTdGDITg=
golang.org/x/sys v0.10.0/go.mod h1:oPkhp1MJrh7nUepCBck5+mAzfO9JrbApNNgaTdGDITg=
golang.org/x/sys v0.11.0/go.mod h1:oPkhp1MJrh7nUepCBck5+mAzfO9JrbApNNgaTdGDITg=
golang.org/x/sys v0.15.0/go.mod h1:/VUhepiaJMQUp4+oa/7Zr1D23ma6VTLIYjOOTFZPUcA=
golang.org/x/sys v0.22.0 h1:RI27ohtqKCnwULzJLqkv897zojh5/DwS/ENaMzUOaWI=
golang.org/x/sys v0.22.0/go.mod h1:/VUhepiaJMQUp4+oa/7Zr1D23ma6VTLIYjOOTFZPUcA=
golang.org/x/term v0.22.0 h1:BbsgPEJULsl2fV/AT3v15Mjva5yXKQDyKf+TbDz7QJk=
golang.org/x/term v0.22.0/go.mod h1:F3qCibpT5AMpCRfhfT53vVJwhLtIVHhB9XDjfFvnMI4=
golang.org/x/text v0.3.0/go.mod h1:NqM8EUOU14njkJ3fqMW+pc6Ldnwhi/IjpwHt7yyuwOQ=
golang.org/x/text v0.3.3/go.mod h1:5Zoc/QRtKVWzQhOtBMvqHzDpF6irO9z98xDceosuGiQ=
golang.org/x/text v0.16.0 h1:a94ExnEXNtEwYLGJSIUxnWoxoRz/ZcCsV63ROupILh4=
golang.org/x/text v0.16.0/go.mod h1:GhwF1Be+LQoKShO3cGOHzqOgRrGaYc9AvblQOmPVHnI=
golang.org/x/time v0.5.0 h1:o7cqy6amK/52YcAKIPlM3a+Fpj35zvRj2TP+e1xFSfk=
golang.org/x/time v0.5.0/go.mod h1:3BpzKBy/shNhVucY/MWOyx10tF3SFh9QdLuxbVysPQM=
golang.org/x/tools v0.0.0-20180917221912-90fa682c2a6e/go.mod h1:n7NCudcB/nEzxVGmLbDWY5pfWTLqBcC2KZ6jyYvM4mQ=
golang.org/x/tools v0.0.0-20191119224855-298f0cb1881e/go.mod h1:b+2E5dAYhXwXZwtnZ6UAqBI28+e2cm9otk0dWdXHAEo=
golang.org/x/tools v0.0.0-20200619180055-7c47624df98f/go.mod h1:EkVYQZoAsY45+roYkvgYkIh4xh/qjgUK9TdY2XT94GE=
golang.org/x/tools v0.0.0-20210106214847-113979e3529a/go.mod h1:emZCQorbCU4vsT4fOWvOPXz4eW1wZW4PmDk9uLelYpA=
golang.org/x/tools v0.21.1-0.20240508182429-e35e4ccd0d2d h1:vU5i/LfpvrRCpgM/VPfJLg5KjxD3E+hfT1SH+d9zLwg=
golang.org/x/tools v0.21.1-0.20240508182429-e35e4ccd0d2d/go.mod h1:aiJjzUbINMkxbQROHiO6hDPo2LHcIPhhQsa9DLh0yGk=
golang.org/x/xerrors v0.0.0-20190717185122-a985d3407aa7/go.mod h1:I/5z698sn9Ka8TeJc9MKroUUfqBBauWjQqLJ2OPfmY0=
golang.org/x/xerrors v0.0.0-20191011141410-1b5146add898/go.mod h1:I/5z698sn9Ka8TeJc9MKroUUfqBBauWjQqLJ2OPfmY0=
golang.org/x/xerrors v0.0.0-20191204190536-9bdfabe68543/go.mod h1:I/5z698sn9Ka8TeJc9MKroUUfqBBauWjQqLJ2OPfmY0=
golang.org/x/xerrors v0.0.0-20200804184101-5ec99f83aff1/go.mod h1:I/5z698sn9Ka8TeJc9MKroUUfqBBauWjQqLJ2OPfmY0=
google.golang.org/genproto v0.0.0-20231106174013-bbf56f31fb17 h1:wpZ8pe2x1Q3f2KyT5f8oP/fa9rHAKgFPr/HZdNuS+PQ=
google.golang.org/genproto/googleapis/api v0.0.0-20240528184218-531527333157 h1:7whR9kGa5LUwFtpLm2ArCEejtnxlGeLbAyjFY8sGNFw=
google.golang.org/genproto/googleapis/api v0.0.0-20240528184218-531527333157/go.mod h1:99sLkeliLXfdj2J75X3Ho+rrVCaJze0uwN7zDDkjPVU=
google.golang.org/genproto/googleapis/rpc v0.0.0-20240725223205-93522f1f2a9f h1:RARaIm8pxYuxyNPbBQf5igT7XdOyCNtat1qAT2ZxjU4=
google.golang.org/genproto/googleapis/rpc v0.0.0-20240725223205-93522f1f2a9f/go.mod h1:Ue6ibwXGpU+dqIcODieyLOcgj7z8+IcskoNIgZxtrFY=
google.golang.org/grpc v1.65.0 h1:bs/cUb4lp1G5iImFFd3u5ixQzweKizoZJAwBNLR42lc=
google.golang.org/grpc v1.65.0/go.mod h1:WgYC2ypjlB0EiQi6wdKixMqukr6lBc0Vo+oOgjrM5ZQ=
google.golang.org/protobuf v1.34.2 h1:6xV6lTsCfpGD21XK49h7MhtcApnLqkfYgPcdHftf6hg=
google.golang.org/protobuf v1.34.2/go.mod h1:qYOHts0dSfpeUzUFpOMr/WGzszTmLH+DiWniOlNbLDw=
gopkg.in/check.v1 v0.0.0-20161208181325-20d25e280405/go.mod h1:Co6ibVJAznAaIkqp8huTwlJQCZ016jof/cbN4VW5Yz0=
gopkg.in/check.v1 v1.0.0-20190902080502-41f04d3bba15/go.mod h1:Co6ibVJAznAaIkqp8huTwlJQCZ016jof/cbN4VW5Yz0=
gopkg.in/check.v1 v1.0.0-20201130134442-10cb98267c6c h1:Hei/4ADfdWqJk1ZMxUNpqntNwaWcugrBjAiHlqqRiVk=
gopkg.in/check.v1 v1.0.0-20201130134442-10cb98267c6c/go.mod h1:JHkPIbrfpd72SG/EVd6muEfDQjcINNoR0C8j2r3qZ4Q=
gopkg.in/evanphx/json-patch.v5 v5.6.0 h1:BMT6KIwBD9CaU91PJCZIe46bDmBWa9ynTQgJIOpfQBk=
gopkg.in/evanphx/json-patch.v5 v5.6.0/go.mod h1:/kvTRh1TVm5wuM6OkHxqXtE/1nUZZpihg29RtuIyfvk=
gopkg.in/inf.v0 v0.9.1 h1:73M5CoZyi3ZLMOyDlQh031Cx6N9NDJ2Vvfl76EDAgDc=
gopkg.in/inf.v0 v0.9.1/go.mod h1:cWUDdTG/fYaXco+Dcufb5Vnc6Gp2YChqWtbxRZE0mXw=
gopkg.in/ini.v1 v1.67.0 h1:Dgnx+6+nfE+IfzjUEISNeydPJh9AXNNsWbGP9KzCsOA=
gopkg.in/ini.v1 v1.67.0/go.mod h1:pNLf8WUiyNEtQjuu5G5vTm06TEv9tsIgeAvK8hOrP4k=
gopkg.in/yaml.v2 v2.2.2/go.mod h1:hI93XBmqTisBFMUTm0b8Fm+jr3Dg1NNxqwp+5A1VGuI=
gopkg.in/yaml.v2 v2.2.8/go.mod h1:hI93XBmqTisBFMUTm0b8Fm+jr3Dg1NNxqwp+5A1VGuI=
gopkg.in/yaml.v2 v2.4.0 h1:D8xgwECY7CYvx+Y2n4sBz93Jn9JRvxdiyyo8CTfuKaY=
gopkg.in/yaml.v2 v2.4.0/go.mod h1:RDklbk79AGWmwhnvt/jBztapEOGDOx6ZbXqjP6csGnQ=
gopkg.in/yaml.v3 v3.0.0-20200313102051-9f266ea9e77c/go.mod h1:K4uyk7z7BCEPqu6E+C64Yfv1cQ7kz7rIZviUmN+EgEM=
gopkg.in/yaml.v3 v3.0.1 h1:fxVm/GzAzEWqLHuvctI91KS9hhNmmWOoWu0XTYJS7CA=
gopkg.in/yaml.v3 v3.0.1/go.mod h1:K4uyk7z7BCEPqu6E+C64Yfv1cQ7kz7rIZviUmN+EgEM=
k8s.io/api v0.29.3 h1:2ORfZ7+bGC3YJqGpV0KSDDEVf8hdGQ6A03/50vj8pmw=
k8s.io/api v0.29.3/go.mod h1:y2yg2NTyHUUkIoTC+phinTnEa3KFM6RZ3szxt014a80=
k8s.io/apiextensions-apiserver v0.29.3 h1:9HF+EtZaVpFjStakF4yVufnXGPRppWFEQ87qnO91YeI=
k8s.io/apiextensions-apiserver v0.29.3/go.mod h1:po0XiY5scnpJfFizNGo6puNU6Fq6D70UJY2Cb2KwAVc=
k8s.io/apimachinery v0.29.3 h1:2tbx+5L7RNvqJjn7RIuIKu9XTsIZ9Z5wX2G22XAa5EU=
k8s.io/apimachinery v0.29.3/go.mod h1:hx/S4V2PNW4OMg3WizRrHutyB5la0iCUbZym+W0EQIU=
k8s.io/cli-runtime v0.29.3 h1:r68rephmmytoywkw2MyJ+CxjpasJDQY7AGc3XY2iv1k=
k8s.io/cli-runtime v0.29.3/go.mod h1:aqVUsk86/RhaGJwDhHXH0jcdqBrgdF3bZWk4Z9D4mkM=
k8s.io/client-go v0.29.3 h1:R/zaZbEAxqComZ9FHeQwOh3Y1ZUs7FaHKZdQtIc2WZg=
k8s.io/client-go v0.29.3/go.mod h1:tkDisCvgPfiRpxGnOORfkljmS+UrW+WtXAy2fTvXJB0=
k8s.io/klog/v2 v2.120.1 h1:QXU6cPEOIslTGvZaXvFWiP9VKyeet3sawzTOvdXb4Vw=
k8s.io/klog/v2 v2.120.1/go.mod h1:3Jpz1GvMt720eyJH1ckRHK1EDfpxISzJ7I9OYgaDtPE=
k8s.io/kube-openapi v0.0.0-20240228011516-70dd3763d340 h1:BZqlfIlq5YbRMFko6/PM7FjZpUb45WallggurYhKGag=
k8s.io/kube-openapi v0.0.0-20240228011516-70dd3763d340/go.mod h1:yD4MZYeKMBwQKVht279WycxKyM84kkAx2DPrTXaeb98=
k8s.io/kubectl v0.29.3 h1:RuwyyIU42MAISRIePaa8Q7A3U74Q9P4MoJbDFz9o3us=
k8s.io/kubectl v0.29.3/go.mod h1:yCxfY1dbwgVdEt2zkJ6d5NNLOhhWgTyrqACIoFhpdd4=
k8s.io/utils v0.0.0-20240310230437-4693a0247e57 h1:gbqbevonBh57eILzModw6mrkbwM0gQBEuevE/AaBsHY=
k8s.io/utils v0.0.0-20240310230437-4693a0247e57/go.mod h1:OLgZIPagt7ERELqWJFomSt595RzquPNLL48iOWgYOg0=
sigs.k8s.io/controller-runtime v0.17.2 h1:FwHwD1CTUemg0pW2otk7/U5/i5m2ymzvOXdbeGOUvw0=
sigs.k8s.io/controller-runtime v0.17.2/go.mod h1:+MngTvIQQQhfXtwfdGw/UOQ/aIaqsYywfCINOtwMO/s=
sigs.k8s.io/json v0.0.0-20221116044647-bc3834ca7abd h1:EDPBXCAspyGV4jQlpZSudPeMmr1bNJefnuqLsRAsHZo=
sigs.k8s.io/json v0.0.0-20221116044647-bc3834ca7abd/go.mod h1:B8JuhiUyNFVKdsE8h686QcCxMaH6HrOAZj4vswFpcB0=
sigs.k8s.io/kustomize/api v0.16.0 h1:/zAR4FOQDCkgSDmVzV2uiFbuy9bhu3jEzthrHCuvm1g=
sigs.k8s.io/kustomize/api v0.16.0/go.mod h1:MnFZ7IP2YqVyVwMWoRxPtgl/5hpA+eCCrQR/866cm5c=
sigs.k8s.io/kustomize/kyaml v0.16.0 h1:6J33uKSoATlKZH16unr2XOhDI+otoe2sR3M8PDzW3K0=
sigs.k8s.io/kustomize/kyaml v0.16.0/go.mod h1:xOK/7i+vmE14N2FdFyugIshB8eF6ALpy7jI87Q2nRh4=
sigs.k8s.io/structured-merge-diff/v4 v4.4.1 h1:150L+0vs/8DA78h1u02ooW1/fFq/Lwr+sGiqlzvrtq4=
sigs.k8s.io/structured-merge-diff/v4 v4.4.1/go.mod h1:N8hJocpFajUSSeSJ9bOZ77VzejKZaXsTtZo4/u7Io08=
sigs.k8s.io/yaml v1.4.0 h1:Mk1wCc2gy/F0THH0TAp1QYyJNzRm2KCLy3o5ASXVI5E=
sigs.k8s.io/yaml v1.4.0/go.mod h1:Ejl7/uTz7PSA4eKMyQCUTnhZYNmLIl+5c2lQPGR2BPY=
