apiVersion: security.accuknox.com/v1
kind: KubeArmorPolicy
metadata:
  name: ksp-wordpress-config-block
  namespace: wordpress-mysql
spec:
  severity: 10
  selector:
    matchLabels:
      app: wordpress
  file:
    matchPaths:
    - path: /var/www/html/wp-config.php
      fromSource:
        path: /bin/cat

      # cd /var/www/html
      # ls -l
      # ps -ef
      # cat index.php
      # cat wp-config.php
 
  action:
    Block
