apiVersion: security.kubearmor.com/v1
kind: KubeArmorPolicy
metadata:
  name: container-1-block-ls
  namespace: multicontainer
spec:
  severity: 2
  selector:
    matchLabels:
      container: multicontainer
      kubearmor.io/container.name: "[container-1]"
  process:
    matchPaths:
    - path: /bin/ls
      # ls
  action:
    Block
