apiVersion: security.kubearmor.com/v1
kind: KubeArmorPolicy
metadata:
  name: ksp-ubuntu-5-file-dir-recursive-readonly-block
  namespace: multiubuntu
spec:
  severity: 10
  message: "a critical directory was accessed"
  tags:
  - WARNING
  selector:
    matchLabels:
      container: ubuntu-5
  file:
    matchDirectories:
    - dir: /credentials/
      recursive: true
      readOnly: true
  action:
    Block

# test
# $ cat /credentials/keys/priv.key
# key file
# $ cat /credentials/password
# password file
# $ echo test >> /credentials/keys/priv.key
# bash: /credentials/keys/priv.key: Permission denied
# $ echo test >> /credentials/password
# bash: /credentials/password: Permission denied
