apiVersion: security.kubearmor.com/v1
kind: KubeArmorPolicy
metadata:
  name: ksp-ubuntu-1-proc-dir-block
  namespace: multiubuntu
spec:
  severity: 6
  message: "block executables in /sbin"
  selector:
    matchLabels:
      container: ubuntu-1
  process:
    matchDirectories:
    - dir: /sbin/
  action:
    Block

# multiubuntu_test_04

# test
# $ route
# bash: /sbin/route: Permission denied
