apiVersion: security.accuknox.com/v1
kind: KubeArmorPolicy
metadata:
  name: ksp-ubuntu-1-file-pattern-block
  namespace: multiubuntu
spec:
  severity: 5
  message: "block files following a pattern"
  selector:
    matchLabels:
      container: ubuntu-1
  file:
    matchPatterns:
    - pattern: /etc/*hado? # try open /etc/shadow or /etc/gshadow (permission denied)
  action:
    Block