apiVersion: security.kubearmor.com/v1
kind: KubeArmorPolicy
metadata:
  name: ksp-ubuntu-1-cap-net-raw-block
  namespace: multiubuntu
spec:
  severity: 1
  selector:
    matchLabels:
      container: ubuntu-1
  capabilities:
    matchCapabilities:
    - capability: net_raw
  action:
    Block

# multiubuntu_test_03

# test
# $ arping -c 1 127.0.0.1
# arping: libnet_init(LIBNET_LINK, <null>): libnet_open_link(): UID/EUID 0 or capability CAP_NET_RAW required
