apiVersion: security.accuknox.com/v1
kind: KubeArmorPolicy
metadata:
  name: ksp-ubuntu-5-file-dir-recursive-block
  namespace: multiubuntu
spec:
  selector:
    matchLabels:
      container: ubuntu-5
  file:
    matchDirectories:
    - dir: /credentials/ # try 'cat /credentials/password'
      recursive: true
  action:
    Block
