apiVersion: security.accuknox.com/v1
kind: KubeArmorPolicy
metadata:
  name: ksp-ubuntu-1-proc-dir-block
  namespace: multiubuntu
spec:
  severity: 6
  selector:
    matchLabels:
      container: ubuntu-1
  process:
    matchDirectories:
    - dir: /sbin/ # try route (permission denied)
  action:
    Block
