apiVersion: security.kubearmor.com/v1
kind: KubeArmorPolicy
metadata:
  name: ksp-ubuntu-1-file-path-block
  namespace: multiubuntu
spec:
  severity: 10
  message: "a critical file was accessed"
  tags:
  - WARNING
  selector:
    matchLabels:
      container: ubuntu-1
  file:
    matchPaths:
    - path: /etc/passwd
    - path: /secret.txt
    - path: /credentials/password
  action:
    Block

# test
# $ cat /etc/passwd
# cat: /etc/passwd: Permission denied
# echo "test" >> /secret.txt
# bash: /secret.txt: Permission denied
# echo "test" >> /credentials/password
# bash: /credentials/password: Permission denied
