apiVersion: security.kubearmor.com/v1
kind: KubeArmorPolicy
metadata:
  name: ksp-ubuntu-1-file-pattern-owner-block
  namespace: multiubuntu
spec:
  severity: 5
  message: "block files following a pattern for user1"
  selector:
    matchLabels:
      container: ubuntu-1
  file:
    matchPatterns:
    - pattern: /home/user1/secret_data* 
      ownerOnly: true
  action:
    Block

# test
# $ cat /home/user1/secret_data1.txt
# cat: /home/user1/secret_data1.txt: Permission denied
# $ su - user1 -c "cat /home/user1/secret_data1.txt"
# secret file user1
