apiVersion: security.accuknox.com/v1
kind: KubeArmorPolicy
metadata:
  name: ksp-group-1-proc-path-block
  namespace: multiubuntu
spec:
  severity: 5
  selector:
    matchLabels:
      group: group-1
  process:
    matchPaths:
    - path: /bin/sleep # try sleep 1 (permission denied)
      # fromSource:
      #   path: /bin/bash
  action:
    Block
