apiVersion: security.kubearmor.com/v1
kind: KubeArmorPolicy
metadata:
  name: ksp-ubuntu-5-file-dir-recursive-block
  namespace: multiubuntu
spec:
  severity: 9
  selector:
    matchLabels:
      container: ubuntu-5
  file:
    matchDirectories:
    - dir: /credentials/
      recursive: true
  action:
    Block

# multiubuntu_test_06

# test
# $ cat /credentials/password
# cat: /credentials/password: Permission denied
