apiVersion: security.kubearmor.com/v1
kind: KubeArmorPolicy
metadata:
  name: ksp-ubuntu-2-file-dir-owner-block
  namespace: multiubuntu
spec:
  severity: 7
  selector:
    matchLabels:
      container: ubuntu-2
  file:
    matchDirectories:
    - dir: /home/user1/
      ownerOnly: true
  action:
    Block
