apiVersion: security.kubearmor.com/v1
kind: KubeArmorPolicy
metadata:
  name: ksp-ubuntu-3-file-path-owner-block
  namespace: multiubuntu
spec:
  severity: 7
  selector:
    matchLabels:
      container: ubuntu-3
  file:
    matchPaths:
    - path: /home/user1/secret_data1.txt # su - user1 -c /bin/cat /home/user1/secret_data1.txt (success)  
      ownerOnly: true # /bin/cat /home/user1/secret_data1.txt (permission denied)
  action:
    Block
